
Microsoft Visual Studio Solution File, Format Version 12.00
# Visual Studio Version 17
VisualStudioVersion = 17.4.33403.182
MinimumVisualStudioVersion = 10.0.40219.1
Project("{FAE04EC0-301F-11D3-BF4B-00C04F79EFBC}") = "Encapsulamento", "Encapsulamento\Encapsulamento.csproj", "{89A3A4AE-5CB8-4346-BD6E-B4DC7B6666AD}"
EndProject
Global
	GlobalSection(SolutionConfigurationPlatforms) = preSolution
		Debug|Any CPU = Debug|Any CPU
		Release|Any CPU = Release|Any CPU
	EndGlobalSection
	GlobalSection(ProjectConfigurationPlatforms) = postSolution
		{89A3A4AE-5CB8-4346-BD6E-B4DC7B6666AD}.Debug|Any CPU.ActiveCfg = Debug|Any CPU
		{89A3A4AE-5CB8-4346-BD6E-B4DC7B6666AD}.Debug|Any CPU.Build.0 = Debug|Any CPU
		{89A3A4AE-5CB8-4346-BD6E-B4DC7B6666AD}.Release|Any CPU.ActiveCfg = Release|Any CPU
		{89A3A4AE-5CB8-4346-BD6E-B4DC7B6666AD}.Release|Any CPU.Build.0 = Release|Any CPU
	EndGlobalSection
	GlobalSection(SolutionProperties) = preSolution
		HideSolutionNode = FALSE
	EndGlobalSection
	GlobalSection(ExtensibilityGlobals) = postSolution
		SolutionGuid = {869F00DC-D74A-4BBF-B3CF-0EEBBFAD777D}
	EndGlobalSection
EndGlobal
