
Microsoft Visual Studio Solution File, Format Version 12.00
# Visual Studio Version 17
VisualStudioVersion = 17.4.33213.308
MinimumVisualStudioVersion = 10.0.40219.1
Project("{FAE04EC0-301F-11D3-BF4B-00C04F79EFBC}") = "ExerciciosM01S01", "ExerciciosM01S01\ExerciciosM01S01.csproj", "{3EC9F40F-5FE5-4339-B8FB-0896A4FF7961}"
EndProject
Global
	GlobalSection(SolutionConfigurationPlatforms) = preSolution
		Debug|Any CPU = Debug|Any CPU
		Release|Any CPU = Release|Any CPU
	EndGlobalSection
	GlobalSection(ProjectConfigurationPlatforms) = postSolution
		{3EC9F40F-5FE5-4339-B8FB-0896A4FF7961}.Debug|Any CPU.ActiveCfg = Debug|Any CPU
		{3EC9F40F-5FE5-4339-B8FB-0896A4FF7961}.Debug|Any CPU.Build.0 = Debug|Any CPU
		{3EC9F40F-5FE5-4339-B8FB-0896A4FF7961}.Release|Any CPU.ActiveCfg = Release|Any CPU
		{3EC9F40F-5FE5-4339-B8FB-0896A4FF7961}.Release|Any CPU.Build.0 = Release|Any CPU
	EndGlobalSection
	GlobalSection(SolutionProperties) = preSolution
		HideSolutionNode = FALSE
	EndGlobalSection
	GlobalSection(ExtensibilityGlobals) = postSolution
		SolutionGuid = {21FBCE96-B312-4470-B3EC-33A45750247E}
	EndGlobalSection
EndGlobal
